
Microsoft Visual Studio Solution File, Format Version 12.00
# Visual Studio 15
VisualStudioVersion = 15.0.28010.2048
MinimumVisualStudioVersion = 10.0.40219.1
Project("{FAE04EC0-301F-11D3-BF4B-00C04F79EFBC}") = "20032019", "20032019\20032019.csproj", "{5FD03399-4662-483A-B620-848EFB00F3EB}"
EndProject
Global
	GlobalSection(SolutionConfigurationPlatforms) = preSolution
		Debug|Any CPU = Debug|Any CPU
		Release|Any CPU = Release|Any CPU
	EndGlobalSection
	GlobalSection(ProjectConfigurationPlatforms) = postSolution
		{5FD03399-4662-483A-B620-848EFB00F3EB}.Debug|Any CPU.ActiveCfg = Debug|Any CPU
		{5FD03399-4662-483A-B620-848EFB00F3EB}.Debug|Any CPU.Build.0 = Debug|Any CPU
		{5FD03399-4662-483A-B620-848EFB00F3EB}.Release|Any CPU.ActiveCfg = Release|Any CPU
		{5FD03399-4662-483A-B620-848EFB00F3EB}.Release|Any CPU.Build.0 = Release|Any CPU
	EndGlobalSection
	GlobalSection(SolutionProperties) = preSolution
		HideSolutionNode = FALSE
	EndGlobalSection
	GlobalSection(ExtensibilityGlobals) = postSolution
		SolutionGuid = {26E42A0C-3C2A-4CF9-8306-1715A0307716}
	EndGlobalSection
EndGlobal
